# This file is @generated by PDM.
# It is not intended for manual editing.

[[package]]
name = "pillow"
version = "9.3.0"
requires_python = ">=3.7"
summary = "Python Imaging Library (Fork)"

[[package]]
name = "pygame"
version = "2.1.3"
requires_python = ">=3.6"
summary = "Python Game Development"

[[package]]
name = "reportlab"
version = "3.6.12"
requires_python = ">=3.7,<4"
summary = "The Reportlab Toolkit"
dependencies = [
    "pillow>=9.0.0",
]

[metadata]
lock_version = "4.1"
content_hash = "sha256:d1a0c3fad7973323e4a3aa55d30ac3daf5b9e667e16ff3ea0d7d970c10b2dde7"

[metadata.files]
"pillow 9.3.0" = [
    {url = "https://files.pythonhosted.org/packages/00/73/000575ca7b7635ecd4075e71925b71f2648300d725b6c9a1f969fe2d5a87/Pillow-9.3.0-cp37-cp37m-macosx_10_10_x86_64.whl", hash = "sha256:772a91fc0e03eaf922c63badeca75e91baa80fe2f5f87bdaed4280662aad25c9"},
    {url = "https://files.pythonhosted.org/packages/06/2f/c17a2d559009b875f7da804a3a4e0f47baca6df2dfedb29a1df641c51e1a/Pillow-9.3.0-pp38-pypy38_pp73-manylinux_2_17_i686.manylinux2014_i686.whl", hash = "sha256:12ce4932caf2ddf3e41d17fc9c02d67126935a44b86df6a206cf0d7161548627"},
    {url = "https://files.pythonhosted.org/packages/0d/87/f696d8464c949c5a7ac133c8b7297a4243e0319fd29ae3a90b4ac90f0a5b/Pillow-9.3.0-cp311-cp311-macosx_11_0_arm64.whl", hash = "sha256:7db8b751ad307d7cf238f02101e8e36a128a6cb199326e867d1398067381bff4"},
    {url = "https://files.pythonhosted.org/packages/15/13/232be66adb8482f0636b3f3e254d9e18d7093bd1848b3610ffaf72717924/Pillow-9.3.0-cp310-cp310-manylinux_2_28_aarch64.whl", hash = "sha256:829f97c8e258593b9daa80638aee3789b7df9da5cf1336035016d76f03b8860c"},
    {url = "https://files.pythonhosted.org/packages/16/11/da8d395299ca166aa56d9436e26fe8440e5443471de16ccd9a1d06f5993a/Pillow-9.3.0.tar.gz", hash = "sha256:c935a22a557a560108d780f9a0fc426dd7459940dc54faa49d83249c8d3e760f"},
    {url = "https://files.pythonhosted.org/packages/1d/15/054644ecbed79d3af017a56eaabd13bf712b21c3a667b8a67a335174f4b7/Pillow-9.3.0-cp311-cp311-musllinux_1_1_x86_64.whl", hash = "sha256:89dca0ce00a2b49024df6325925555d406b14aa3efc2f752dbb5940c52c56b11"},
    {url = "https://files.pythonhosted.org/packages/23/b3/20f97e1bacd02b89953b50b2502be1b10e01d36a0618fb197e4a055e50f4/Pillow-9.3.0-cp310-cp310-manylinux_2_17_aarch64.manylinux2014_aarch64.whl", hash = "sha256:68943d632f1f9e3dce98908e873b3a090f6cba1cbb1b892a9e8d97c938871fbe"},
    {url = "https://files.pythonhosted.org/packages/26/d6/9355d59a2ee9406e4d5129ff0ff99835e7f6adb6133815fab2099e1879b5/Pillow-9.3.0-cp310-cp310-macosx_10_10_x86_64.whl", hash = "sha256:0b7257127d646ff8676ec8a15520013a698d1fdc48bc2a79ba4e53df792526f2"},
    {url = "https://files.pythonhosted.org/packages/2c/3d/36cd1f6c04ab30ab7e6bc8d17a4337fc29fa5b35ebd4c520d916ce7e39e6/Pillow-9.3.0-cp38-cp38-macosx_10_10_x86_64.whl", hash = "sha256:b03ae6f1a1878233ac620c98f3459f79fd77c7e3c2b20d460284e1fb370557d4"},
    {url = "https://files.pythonhosted.org/packages/2c/74/109e3d1fd2847c19c556fe4ce9b3f4aac2147b56c7b5d0924ae9586d2a47/Pillow-9.3.0-cp311-cp311-manylinux_2_17_x86_64.manylinux2014_x86_64.whl", hash = "sha256:b9a65733d103311331875c1dca05cb4606997fd33d6acfed695b1232ba1df193"},
    {url = "https://files.pythonhosted.org/packages/2e/c8/03495501bb9beabf34979781b14cc625f39cbd8ff5310a93a85e45987590/Pillow-9.3.0-cp38-cp38-macosx_11_0_arm64.whl", hash = "sha256:4390e9ce199fc1951fcfa65795f239a8a4944117b5935a9317fb320e7767b40f"},
    {url = "https://files.pythonhosted.org/packages/2f/73/ec6b3e3f6b311cf1468eafc92a890f690a2cacac0cfd0f1bcc2b891d1334/Pillow-9.3.0-cp39-cp39-manylinux_2_17_x86_64.manylinux2014_x86_64.whl", hash = "sha256:af0372acb5d3598f36ec0914deed2a63f6bcdb7b606da04dc19a88d31bf0c05b"},
    {url = "https://files.pythonhosted.org/packages/39/5e/585dfbe0eb4660ea3ee082289625f94e402239282458c4bf78ecc84fbb93/Pillow-9.3.0-cp38-cp38-manylinux_2_17_aarch64.manylinux2014_aarch64.whl", hash = "sha256:40e1ce476a7804b0fb74bcfa80b0a2206ea6a882938eaba917f7a0f004b42502"},
    {url = "https://files.pythonhosted.org/packages/40/57/c8695a77561a83bd39eba30daf4d894b0b910aad55e2b60f0ef1b1b5205c/Pillow-9.3.0-cp310-cp310-win_amd64.whl", hash = "sha256:9f47eabcd2ded7698106b05c2c338672d16a6f2a485e74481f524e2a23c2794b"},
    {url = "https://files.pythonhosted.org/packages/41/e9/7bae68c360de8d1e7e32aeab252c6dc9336c0d779c9ad5e24ce475d523fd/Pillow-9.3.0-pp37-pypy37_pp73-macosx_10_10_x86_64.whl", hash = "sha256:ab388aaa3f6ce52ac1cb8e122c4bd46657c15905904b3120a6248b5b8b0bc228"},
    {url = "https://files.pythonhosted.org/packages/47/b2/6e5fc952713bfee71c5e25e7917b18207b6f445d81746008b14d9c80a91b/Pillow-9.3.0-cp38-cp38-manylinux_2_28_aarch64.whl", hash = "sha256:15c42fb9dea42465dfd902fb0ecf584b8848ceb28b41ee2b58f866411be33f07"},
    {url = "https://files.pythonhosted.org/packages/48/92/820b43fcb333fe7f4cf726ed3c0cfcfd062f65b8fd23c0e6972a6107f440/Pillow-9.3.0-pp38-pypy38_pp73-macosx_10_10_x86_64.whl", hash = "sha256:b59430236b8e58840a0dfb4099a0e8717ffb779c952426a69ae435ca1f57210c"},
    {url = "https://files.pythonhosted.org/packages/4b/f9/2fa7d6cce0b9867ec3917878d03d5298d7a88522ed7dadc6cac4642bce8b/Pillow-9.3.0-pp37-pypy37_pp73-manylinux_2_17_x86_64.manylinux2014_x86_64.whl", hash = "sha256:bca31dd6014cb8b0b2db1e46081b0ca7d936f856da3b39744aef499db5d84d02"},
    {url = "https://files.pythonhosted.org/packages/4e/8c/84131e85d4ebd600a823fad1707157d55055a7ea80ce6c8c2f6e2de93f2c/Pillow-9.3.0-cp38-cp38-manylinux_2_17_i686.manylinux2014_i686.whl", hash = "sha256:a0a06a052c5f37b4ed81c613a455a81f9a3a69429b4fd7bb913c3fa98abefc20"},
    {url = "https://files.pythonhosted.org/packages/56/02/2c8fde18b251c6ce2061b23b4fa04f3e71d386c725a09753bad19649e1b1/Pillow-9.3.0-cp38-cp38-manylinux_2_28_x86_64.whl", hash = "sha256:51e0e543a33ed92db9f5ef69a0356e0b1a7a6b6a71b80df99f1d181ae5875636"},
    {url = "https://files.pythonhosted.org/packages/5b/48/1e4437f90c0531c0a8f5c5b1e793e0f234fe8203019de04001213b4fb38e/Pillow-9.3.0-cp311-cp311-manylinux_2_28_x86_64.whl", hash = "sha256:90fb88843d3902fe7c9586d439d1e8c05258f41da473952aa8b328d8b907498c"},
    {url = "https://files.pythonhosted.org/packages/5f/1e/8a26e1ff2064b665f3923a727cb9240919cdcdce303e4800729635aefc40/Pillow-9.3.0-cp39-cp39-manylinux_2_17_i686.manylinux2014_i686.whl", hash = "sha256:b0915e734b33a474d76c28e07292f196cdf2a590a0d25bcc06e64e545f2d146c"},
    {url = "https://files.pythonhosted.org/packages/5f/71/ad106c6e3a28f7ff81b2e172a05c158181b61de2a6292896355f0e50f46c/Pillow-9.3.0-pp37-pypy37_pp73-manylinux_2_28_x86_64.whl", hash = "sha256:c7025dce65566eb6e89f56c9509d4f628fddcedb131d9465cacd3d8bac337e7e"},
    {url = "https://files.pythonhosted.org/packages/6c/a8/3cb2d902c4094b6ad06f069b937c2696fd47c5fc02da107e33470f468534/Pillow-9.3.0-cp38-cp38-musllinux_1_1_x86_64.whl", hash = "sha256:3dd6caf940756101205dffc5367babf288a30043d35f80936f9bfb37f8355b32"},
    {url = "https://files.pythonhosted.org/packages/6d/d2/610687610050eb3ce0ebdd0a3f87d4bb3f1637a89f9fe00060a080a167da/Pillow-9.3.0-1-cp37-cp37m-win32.whl", hash = "sha256:e6ea6b856a74d560d9326c0f5895ef8050126acfdc7ca08ad703eb0081e82b74"},
    {url = "https://files.pythonhosted.org/packages/6f/64/3acfbffd532ec2e82f69d4f22de9c29197540ae61926f5b7072654281e91/Pillow-9.3.0-cp37-cp37m-manylinux_2_17_aarch64.manylinux2014_aarch64.whl", hash = "sha256:afa4107d1b306cdf8953edde0534562607fe8811b6c4d9a486298ad31de733b2"},
    {url = "https://files.pythonhosted.org/packages/77/56/bb8dc927b3c44df0ca938b4a17b08c59ef5e1e7cc06300bddf20d4e2935f/Pillow-9.3.0-cp38-cp38-win_amd64.whl", hash = "sha256:276a5ca930c913f714e372b2591a22c4bd3b81a418c0f6635ba832daec1cbcfc"},
    {url = "https://files.pythonhosted.org/packages/78/8c/ae0c7cfb6cae4eb0946b7369258f78e3104c22eeffda45ad6228bc0838f5/Pillow-9.3.0-cp311-cp311-manylinux_2_17_aarch64.manylinux2014_aarch64.whl", hash = "sha256:3033fbe1feb1b59394615a1cafaee85e49d01b51d54de0cbf6aa8e64182518a1"},
    {url = "https://files.pythonhosted.org/packages/88/9f/012551c5a9d8b4d0304b66d16119b9c79bac052e0b0bd37de29b64c1bf0c/Pillow-9.3.0-pp38-pypy38_pp73-win_amd64.whl", hash = "sha256:073adb2ae23431d3b9bcbcff3fe698b62ed47211d0716b067385538a1b0f28b8"},
    {url = "https://files.pythonhosted.org/packages/8a/e8/124718316b3f4f9fa24e4b7e915d8e02d58d43a5e3c44fcbceef17d60647/Pillow-9.3.0-cp310-cp310-macosx_11_0_arm64.whl", hash = "sha256:b90f7616ea170e92820775ed47e136208e04c967271c9ef615b6fbd08d9af0e3"},
    {url = "https://files.pythonhosted.org/packages/a0/6c/6e11abff7f944b51dbeea1bdfe14ad21976858e822ef667fa4eb82ec6f7c/Pillow-9.3.0-cp37-cp37m-win_amd64.whl", hash = "sha256:41e0051336807468be450d52b8edd12ac60bebaa97fe10c8b660f116e50b30e4"},
    {url = "https://files.pythonhosted.org/packages/a1/81/10f4f9665ce366c7501141c973c755cd5c9ebe577886ebfa7ca3e9a115f0/Pillow-9.3.0-cp38-cp38-win32.whl", hash = "sha256:f1ff2ee69f10f13a9596480335f406dd1f70c3650349e2be67ca3139280cade0"},
    {url = "https://files.pythonhosted.org/packages/a7/9e/8acd4d170596fa876b0baaae3542de3b6d0a709b4652ce78285aff59e849/Pillow-9.3.0-cp37-cp37m-win32.whl", hash = "sha256:82409ffe29d70fd733ff3c1025a602abb3e67405d41b9403b00b01debc4c9a29"},
    {url = "https://files.pythonhosted.org/packages/ac/0b/cb7ecd88cea2422818057db720966bbb56bbcec3b359f4a5cafdf737d9e5/Pillow-9.3.0-cp39-cp39-musllinux_1_1_x86_64.whl", hash = "sha256:9aaa107275d8527e9d6e7670b64aabaaa36e5b6bd71a1015ddd21da0d4e06448"},
    {url = "https://files.pythonhosted.org/packages/af/7f/c5f7a35fd7053a4aee79c41fc4b125281745577c6ce3445e57ed8b4eff56/Pillow-9.3.0-cp39-cp39-manylinux_2_17_aarch64.manylinux2014_aarch64.whl", hash = "sha256:2e0918e03aa0c72ea56edbb00d4d664294815aa11291a11504a377ea018330d3"},
    {url = "https://files.pythonhosted.org/packages/b7/34/7a88f5ec5f26ac68d3d7a158c67c0a610a4e6b6d22c35266d0e715485b09/Pillow-9.3.0-cp37-cp37m-manylinux_2_28_aarch64.whl", hash = "sha256:6c738585d7a9961d8c2821a1eb3dcb978d14e238be3d70f0a706f7fa9316946b"},
    {url = "https://files.pythonhosted.org/packages/b9/b8/3e2c23766019a9a03ee26ac6b7af9392aba8574806ce10e5074733987240/Pillow-9.3.0-cp39-cp39-macosx_11_0_arm64.whl", hash = "sha256:1c7c8ae3864846fc95f4611c78129301e203aaa2af813b703c55d10cc1628535"},
    {url = "https://files.pythonhosted.org/packages/bb/0e/83dd785dff8d62b4d663391ac62390ffadfcdfa4bd11959742f90d02127c/Pillow-9.3.0-cp39-cp39-win32.whl", hash = "sha256:bac18ab8d2d1e6b4ce25e3424f709aceef668347db8637c2296bcf41acb7cf48"},
    {url = "https://files.pythonhosted.org/packages/bc/28/0bcf18f0c22cd89626ee2e071edbe5736d54f9031fe986ae94389776864b/Pillow-9.3.0-cp310-cp310-win32.whl", hash = "sha256:655a83b0058ba47c7c52e4e2df5ecf484c1b0b0349805896dd350cbc416bdd91"},
    {url = "https://files.pythonhosted.org/packages/be/3e/a757fd2fdd5814aa0e9e1e838f79d33e0098e10a2e3afb7acdcb72278290/Pillow-9.3.0-cp38-cp38-manylinux_2_17_x86_64.manylinux2014_x86_64.whl", hash = "sha256:03150abd92771742d4a8cd6f2fa6246d847dcd2e332a18d0c15cc75bf6703040"},
    {url = "https://files.pythonhosted.org/packages/c0/47/4023dab2d77ea3f687939770b06e0c191b4a5a20590f158a6e8dbb03e357/Pillow-9.3.0-cp37-cp37m-manylinux_2_17_x86_64.manylinux2014_x86_64.whl", hash = "sha256:77ec3e7be99629898c9a6d24a09de089fa5356ee408cdffffe62d67bb75fdd72"},
    {url = "https://files.pythonhosted.org/packages/c0/8f/dfa473f3a6241bff91ae8bb905bd0afceb827f37de2917a94b5c4b1112bf/Pillow-9.3.0-cp39-cp39-win_amd64.whl", hash = "sha256:b472b5ea442148d1c3e2209f20f1e0bb0eb556538690fa70b5e1f79fa0ba8dc2"},
    {url = "https://files.pythonhosted.org/packages/c1/c3/be8222fce0553e05264bfe66f2cc73483567b961f144acef88753fba9c6c/Pillow-9.3.0-cp310-cp310-manylinux_2_17_x86_64.manylinux2014_x86_64.whl", hash = "sha256:5d77adcd56a42d00cc1be30843d3426aa4e660cab4a61021dc84467123f7a00c"},
    {url = "https://files.pythonhosted.org/packages/c2/1d/5d0fd887bb790a42a9efb7fe742358f1eae332ee3120a7d4f79ee37358c9/Pillow-9.3.0-cp311-cp311-macosx_10_10_x86_64.whl", hash = "sha256:57751894f6618fd4308ed8e0c36c333e2f5469744c34729a27532b3db106ee20"},
    {url = "https://files.pythonhosted.org/packages/c8/7c/f5fe5b37b6a8f2218db98f33d2278f2900e0fc4ef019cd4d9e522d6e3206/Pillow-9.3.0-pp38-pypy38_pp73-manylinux_2_17_x86_64.manylinux2014_x86_64.whl", hash = "sha256:ae5331c23ce118c53b172fa64a4c037eb83c9165aba3a7ba9ddd3ec9fa64a699"},
    {url = "https://files.pythonhosted.org/packages/c9/b8/27c526c45f482450a53c0faab6c0c4baf9cddee0a8f879a8526f7dd8adf0/Pillow-9.3.0-cp37-cp37m-manylinux_2_28_x86_64.whl", hash = "sha256:828989c45c245518065a110434246c44a56a8b2b2f6347d1409c787e6e4651ee"},
    {url = "https://files.pythonhosted.org/packages/ca/97/9677bf1d97c408779e5940b89675e38a8ebe8bcc9dbae8adfc9e7080a314/Pillow-9.3.0-cp39-cp39-macosx_10_10_x86_64.whl", hash = "sha256:73bd195e43f3fadecfc50c682f5055ec32ee2c933243cafbfdec69ab1aa87cad"},
    {url = "https://files.pythonhosted.org/packages/cf/22/fed65d07e5e7b19cc608754e940a9b101bebe78cb6cd9d764639717848a4/Pillow-9.3.0-pp37-pypy37_pp73-win_amd64.whl", hash = "sha256:ebf2029c1f464c59b8bdbe5143c79fa2045a581ac53679733d3a91d400ff9efb"},
    {url = "https://files.pythonhosted.org/packages/d0/ae/b5e8750a7e745926e2227a43766d905c8c6a0f03739c7aec5aea9e975355/Pillow-9.3.0-cp310-cp310-musllinux_1_1_x86_64.whl", hash = "sha256:871b72c3643e516db4ecf20efe735deb27fe30ca17800e661d769faab45a18d7"},
    {url = "https://files.pythonhosted.org/packages/d1/6f/b5e87428a5566563b6d661824c694bbc4b0386aed1c939b9aec47d9ee573/Pillow-9.3.0-cp311-cp311-manylinux_2_17_i686.manylinux2014_i686.whl", hash = "sha256:22b012ea2d065fd163ca096f4e37e47cd8b59cf4b0fd47bfca6abb93df70b34c"},
    {url = "https://files.pythonhosted.org/packages/d4/0d/e8f6ed8e2328007020bb242a0443d925f23ee06d059486c5f1308f2a5e26/Pillow-9.3.0-cp311-cp311-win_amd64.whl", hash = "sha256:18498994b29e1cf86d505edcb7edbe814d133d2232d256db8c7a8ceb34d18cef"},
    {url = "https://files.pythonhosted.org/packages/d5/31/b026f9f7c87adf8027f51f98f392f6558982485b7202af5f9276492b2141/Pillow-9.3.0-1-cp37-cp37m-win_amd64.whl", hash = "sha256:32a44128c4bdca7f31de5be641187367fe2a450ad83b833ef78910397db491aa"},
    {url = "https://files.pythonhosted.org/packages/d5/79/191ea841f818aba4eb9783b9f91a3c16c51deff7326f5a2f47de54959a28/Pillow-9.3.0-pp37-pypy37_pp73-manylinux_2_17_i686.manylinux2014_i686.whl", hash = "sha256:dbb8e7f2abee51cef77673be97760abff1674ed32847ce04b4af90f610144c7b"},
    {url = "https://files.pythonhosted.org/packages/d6/be/996d629efd03aa305472a17183fcdfe2dd8529acea767d0ba2242d90cbfa/Pillow-9.3.0-cp310-cp310-manylinux_2_28_x86_64.whl", hash = "sha256:801ec82e4188e935c7f5e22e006d01611d6b41661bba9fe45b60e7ac1a8f84de"},
    {url = "https://files.pythonhosted.org/packages/db/b0/6438c96e80d4cad5b6381ba774018de9d8eae591d65bdfd80e3ad630928a/Pillow-9.3.0-cp39-cp39-manylinux_2_28_x86_64.whl", hash = "sha256:97aabc5c50312afa5e0a2b07c17d4ac5e865b250986f8afe2b02d772567a380c"},
    {url = "https://files.pythonhosted.org/packages/dc/20/30e5ea4ecb35b36d9bc4ff4e8edc048e017a8e3d2e087a512b0622bfdde3/Pillow-9.3.0-cp311-cp311-win32.whl", hash = "sha256:3168434d303babf495d4ba58fc22d6604f6e2afb97adc6a423e917dab828939c"},
    {url = "https://files.pythonhosted.org/packages/e0/59/74d88751801101259abd695f77c44b97a828b6a4e7981a79a75d2c3379ae/Pillow-9.3.0-cp311-cp311-manylinux_2_28_aarch64.whl", hash = "sha256:502526a2cbfa431d9fc2a079bdd9061a2397b842bb6bc4239bb176da00993812"},
    {url = "https://files.pythonhosted.org/packages/ec/4f/bc65f543b4d774d6c888cb0936a8b91cf7c5fbb25e16f923e332822b279b/Pillow-9.3.0-cp37-cp37m-manylinux_2_17_i686.manylinux2014_i686.whl", hash = "sha256:b4012d06c846dc2b80651b120e2cdd787b013deb39c09f407727ba90015c684f"},
    {url = "https://files.pythonhosted.org/packages/f1/e4/2f7e4efeb79ab0a2c5ecba320b2e5a3aad7a49cc543407f4c1268ed804bb/Pillow-9.3.0-pp38-pypy38_pp73-manylinux_2_28_x86_64.whl", hash = "sha256:0b07fffc13f474264c336298d1b4ce01d9c5a011415b79d4ee5527bb69ae6f65"},
    {url = "https://files.pythonhosted.org/packages/f7/11/763c3992c3e6d00e9f6de81b0d721306757bb7201155d135a16032460943/Pillow-9.3.0-cp39-cp39-manylinux_2_28_aarch64.whl", hash = "sha256:ad58d27a5b0262c0c19b47d54c5802db9b34d38bbf886665b626aff83c74bacd"},
    {url = "https://files.pythonhosted.org/packages/fc/12/32101461796addca02fd14dc4d2b76068a2cbf895002ed668550caf3fcc1/Pillow-9.3.0-cp310-cp310-manylinux_2_17_i686.manylinux2014_i686.whl", hash = "sha256:be55f8457cd1eac957af0c3f5ece7bc3f033f89b114ef30f710882717670b2a8"},
]
"pygame 2.1.3" = [
    {url = "https://files.pythonhosted.org/packages/04/02/3b1946e0e1ea896961d783aafe143570e5fcf19f6ada3b5d78178fe07fcd/pygame-2.1.3-pp38-pypy38_pp73-manylinux_2_17_i686.manylinux2014_i686.whl", hash = "sha256:76f8207ed3feeda63df711245bec8613809b7aea71db7d0a1515268c5bd6f52d"},
    {url = "https://files.pythonhosted.org/packages/05/62/18d1c0f51b8744c0bdf90f7fcf1997e5e88bec377492d73558038a403f29/pygame-2.1.3-cp36-cp36m-manylinux_2_17_aarch64.manylinux2014_aarch64.whl", hash = "sha256:154a0a0a953006e8ab90353055037b6710e00aa19941e2fbc1b4f0358e1a4882"},
    {url = "https://files.pythonhosted.org/packages/06/83/a49d8f29676456a76ca7c4e0c5ef7fa742f04bb1542622126ef0f2078787/pygame-2.1.3-cp39-cp39-manylinux_2_17_x86_64.manylinux2014_x86_64.whl", hash = "sha256:41baee1b5502b7472df0eb59af66ee347ac8ef042b08b553c85546e34daa736a"},
    {url = "https://files.pythonhosted.org/packages/0a/26/a67a174cf9507115e550f8aabbc4edd28d856ea5a6acd5c8dbf6e96b0436/pygame-2.1.3-cp38-cp38-manylinux_2_5_i686.manylinux1_i686.whl", hash = "sha256:4908fc837fd9f68b6cfdfeffb99b342c25cf770d76768498dc4c066c2f8b2776"},
    {url = "https://files.pythonhosted.org/packages/0a/41/d683c696042509a51481800bf066c1123a8c93bca22b3f26bd5b91d61c55/pygame-2.1.3-cp38-cp38-manylinux_2_17_aarch64.manylinux2014_aarch64.whl", hash = "sha256:7cd54e859e1b626c332e254128db30e5d6d33544c10154a1ec7a052cac6a50a4"},
    {url = "https://files.pythonhosted.org/packages/0b/11/d24fe2398308ba98b9d51f89991a985bc566650dcbec9b1381ac2d8b6476/pygame-2.1.3-cp38-cp38-manylinux_2_12_i686.manylinux2010_i686.whl", hash = "sha256:5581841a9baa902d7efc243d3d03ae380f929e90d98ecccbbd49b1fa03e0a6ff"},
    {url = "https://files.pythonhosted.org/packages/0e/d0/9149977397e2cb04ecbd8d5ce0295ced8b2006f92eb3320ec34e75d2a1dd/pygame-2.1.3-cp38-cp38-win32.whl", hash = "sha256:867498b0ac20f5c981dcc3ee00262d06b3806b355c632f42c11f5b716ccb2ba1"},
    {url = "https://files.pythonhosted.org/packages/10/77/046cea97fc9b565fa40b23d857a10e6a1a2b2353676e012201d9b5333ff6/pygame-2.1.3-cp39-cp39-manylinux_2_17_i686.manylinux2014_i686.whl", hash = "sha256:06e8e4d04f8d57969689d9316bbffc7e4b9862534541535b6e892e410c4f4248"},
    {url = "https://files.pythonhosted.org/packages/11/01/76283c2e2902b4b8e2dffa2265da418e1d398c812e43ed6b155df57a3340/pygame-2.1.3-cp310-cp310-macosx_10_9_x86_64.whl", hash = "sha256:bfc8a0d863470ec673ff267caaff59b858e967ef78170dc04fc318a7c5f9dd33"},
    {url = "https://files.pythonhosted.org/packages/11/8b/d0f9fae7ee0f958c6812dead324af0de31db89f80967e36531e06112b960/pygame-2.1.3-cp310-cp310-manylinux_2_17_x86_64.manylinux2014_x86_64.whl", hash = "sha256:b75481cc17a22679c69014ef2322d55cfa66be0923abbd9206e01ef10bb5dab6"},
    {url = "https://files.pythonhosted.org/packages/12/cf/c41847954e7f3a0b7a6a552aadb259785ceb1d34da2ec6f2caba54d8bf45/pygame-2.1.3-cp38-cp38-manylinux_2_5_x86_64.manylinux1_x86_64.whl", hash = "sha256:fa8efe34b13a6bfb37e627c2b28e9967b87cd01de92cd000852e08ef8aed1cf0"},
    {url = "https://files.pythonhosted.org/packages/13/e5/59674f26041c6b1d3ba4d1ae126613760c2eae48e2bc85b388ae7426e760/pygame-2.1.3-cp39-cp39-macosx_11_0_arm64.whl", hash = "sha256:af925800444941cea5e45eb94954e5335006fb1b5d35d996e22b3f616e9e0e8e"},
    {url = "https://files.pythonhosted.org/packages/15/18/2713ea73de2b3f3968de05bb5ef913aa26db61e78a0871b08ce11e3de9f2/pygame-2.1.3-cp36-cp36m-macosx_10_9_x86_64.whl", hash = "sha256:f71cfb9f161473511543ba8e713f1b34c6b00c70412ecd2d71111da82fe7f062"},
    {url = "https://files.pythonhosted.org/packages/17/39/7890932b270e71a35b9daa88bf6700504c45c6eba3e6ff524829ad42f8db/pygame-2.1.3-pp39-pypy39_pp73-manylinux_2_17_i686.manylinux2014_i686.whl", hash = "sha256:2f2c3c25a1018495011dd0734df4f23ddf6e88037e884b9ecb03ef33a17c5b4c"},
    {url = "https://files.pythonhosted.org/packages/1c/48/d2079a080e05797344b05b0dffc57dbf3d4f373598f53e0374918a2ae591/pygame-2.1.3-cp36-cp36m-win_amd64.whl", hash = "sha256:0b182a6010f16571b1a92e34208ac1e9ad01a725f2fa3c1ad158c4b515ae12de"},
    {url = "https://files.pythonhosted.org/packages/23/c4/64a649c9c9dc649c8c01d7f1027c0656155fc48ba17e6fdd2cb38a993610/pygame-2.1.3-cp311-cp311-win_amd64.whl", hash = "sha256:e18c6b0fa9e39ad3fe68e48ace92285c026ee70f05bf4dfa54a33fa89f7a0474"},
    {url = "https://files.pythonhosted.org/packages/24/13/50171446831aa5c967af95d9804bb4b005aade24b29fd05fd174fe7e028e/pygame-2.1.3-cp38-cp38-macosx_11_0_arm64.whl", hash = "sha256:c473efee52359806d8c0a876f42ccb7ead088e7ae8f5d31e6e43f94793c943ea"},
    {url = "https://files.pythonhosted.org/packages/25/10/e6e9cb9ebd05f472ae366453add575e5bd0451aef8e2c685f2d572c5e43f/pygame-2.1.3-cp310-cp310-macosx_11_0_arm64.whl", hash = "sha256:64d37dc04a14df9519e2e87611cac6a144c6204365e3fdb0bfb86fa459e32f38"},
    {url = "https://files.pythonhosted.org/packages/25/2c/71e46464b40ffd2910db3fb30e94f8229436dfacf0245d141384bd716993/pygame-2.1.3-cp37-cp37m-manylinux_2_17_aarch64.manylinux2014_aarch64.whl", hash = "sha256:f5760ea0f181c8395bc39fdb50000ce2b77d453ba4c0d98e00303a89af6ae5f0"},
    {url = "https://files.pythonhosted.org/packages/25/be/c25b6519fc71316b1253015dec633e01f346a9c27dbd1889d076f476d712/pygame-2.1.3-cp39-cp39-macosx_10_9_x86_64.whl", hash = "sha256:565cccf5bf47e2ec577a0c237919aef9da66d075e982d339fae31e37734e02b8"},
    {url = "https://files.pythonhosted.org/packages/32/1b/173505e1437ad9edb8c7a7cfce70225e540b5be9aae40c5c59528fe2c413/pygame-2.1.3-cp310-cp310-win_amd64.whl", hash = "sha256:ba578c5cac85358566de3010b3f3393df3b936b310eba6811abbae5241ec19c0"},
    {url = "https://files.pythonhosted.org/packages/39/ae/7c17536b063d47cdbabf14f4cf01ce7126898b3a4bddf88ead383017969b/pygame-2.1.3-cp310-cp310-manylinux_2_17_i686.manylinux2014_i686.whl", hash = "sha256:009e9886a463f4cb86e5d11024fafb6b9a5f5808d21c4df66938922adc6ee90b"},
    {url = "https://files.pythonhosted.org/packages/3d/42/55623b0627bfbb4fb0f28c412fc6365697639357d04d97edfa652f58c2b9/pygame-2.1.3-cp310-cp310-manylinux_2_17_aarch64.manylinux2014_aarch64.whl", hash = "sha256:ab841fe3a4c703cc021d3bb466a9bf5df41edfa3267c44fff5bd6f47944cd4c3"},
    {url = "https://files.pythonhosted.org/packages/3d/f7/8a9e27881fb71d700e45efe2be6ab2833caae92a388918edcd7e5f452234/pygame-2.1.3-cp37-cp37m-manylinux_2_12_x86_64.manylinux2010_x86_64.whl", hash = "sha256:caa4c10f79793b7be9eb1e647f84eee3e9ebb79d143d72eecaaaeb94eb44e1c1"},
    {url = "https://files.pythonhosted.org/packages/3e/71/75bd67484ccb57c684765dd684f51bd415c6b262935cd93fd44129d62240/pygame-2.1.3-pp37-pypy37_pp73-manylinux_2_12_x86_64.manylinux2010_x86_64.whl", hash = "sha256:704cb29a380b8e84d4051300e7eccd918e35cb8c44ae931fc0ec8c942e42c71f"},
    {url = "https://files.pythonhosted.org/packages/40/86/7848f5449bd2a200a44f20340f0f73fd6488e8cdd85f7671867086adbb2c/pygame-2.1.3-cp37-cp37m-macosx_10_9_x86_64.whl", hash = "sha256:240f920f846150ffb2c217d75cd1005989fbedd007df82949db361934bfa9660"},
    {url = "https://files.pythonhosted.org/packages/48/c8/5cee207cab92e2bb30cebddba4a2dc80866120acbf7abf88b89ab7b5a69d/pygame-2.1.3-cp39-cp39-manylinux_2_12_i686.manylinux2010_i686.whl", hash = "sha256:50934f9efc6f51d1c4408b607d34162f74ec0763628c6384e062f6bc3e97d98a"},
    {url = "https://files.pythonhosted.org/packages/50/49/7a93a6db125759eda139a60bbb8619d58ded5dc0b61696b881ed176d5bfe/pygame-2.1.3-cp310-cp310-manylinux_2_12_x86_64.manylinux2010_x86_64.whl", hash = "sha256:6403f1705fc3b4fc2a51e06f3a7102cc1ed9884dc9ff5b99a4cac0d65255ad58"},
    {url = "https://files.pythonhosted.org/packages/58/68/8ed3dedb39c7433fcfb639efde00c7347d76caa30bfe3c92e1e41cbf583d/pygame-2.1.3-cp36-cp36m-manylinux_2_17_i686.manylinux2014_i686.whl", hash = "sha256:787fff1984107da0c533d2e87c85b0082788c8b24952adf9f0bc6459be485e7f"},
    {url = "https://files.pythonhosted.org/packages/5a/3c/daad71df5af05763932ef0c39c2d95be0d45f14fb7064636b77d933acade/pygame-2.1.3-cp38-cp38-manylinux_2_17_x86_64.manylinux2014_x86_64.whl", hash = "sha256:e26c4bb679e7514a7f6c69ca8a68a495013bf46f200476d334459c44a733356f"},
    {url = "https://files.pythonhosted.org/packages/65/ef/3e60d6188b8413da34f7013c7a24dabf80802c54839236fffe0a2a693ab1/pygame-2.1.3-cp37-cp37m-manylinux_2_5_i686.manylinux1_i686.whl", hash = "sha256:b358abc054bf94fede79bb213f7ac9dd8a8737c8ac48a6bb0fa72314c147bd76"},
    {url = "https://files.pythonhosted.org/packages/67/4e/d88d57af97249b10c01201f4ec6e26e601a14377612853c662bb956990c8/pygame-2.1.3-cp39-cp39-manylinux_2_5_x86_64.manylinux1_x86_64.whl", hash = "sha256:b0bfcc7359308748edfe277137efd19f21e5b22373f106848d64dc048db22701"},
    {url = "https://files.pythonhosted.org/packages/67/c9/d74d805d61c442b7cf0df4b22b390d82e67d7d68df2c6340dfbc202c15e8/pygame-2.1.3-cp37-cp37m-manylinux_2_17_x86_64.manylinux2014_x86_64.whl", hash = "sha256:a139c4290fa5227ccead2c57f6e41195c22f643e0fb7336c9da0c734c9df3cd4"},
    {url = "https://files.pythonhosted.org/packages/70/4b/7289b86444c4ccbb48f174de1a628a394a4b86d8cf584d2aa8f02e6e92ea/pygame-2.1.3-cp39-cp39-manylinux_2_5_i686.manylinux1_i686.whl", hash = "sha256:0745fc99d104c71bf90c70c09a541b7922ba47391e16e9629490722fc1f3e46b"},
    {url = "https://files.pythonhosted.org/packages/70/99/3d9f6a12e3782d744ba2a72c4efb68422a7cf41c49dc21f30aaa03934008/pygame-2.1.3-cp36-cp36m-manylinux_2_12_x86_64.manylinux2010_x86_64.whl", hash = "sha256:868ec3a2b87fdca43b4f4ef8314d4fb00c4d9ef6e732f5a9b0348ae3d015de3d"},
    {url = "https://files.pythonhosted.org/packages/71/d2/c0b7d86ae896dd387cbe258e78a97fce3dee973beba0375d82c55196f056/pygame-2.1.3-cp37-cp37m-manylinux_2_5_x86_64.manylinux1_x86_64.whl", hash = "sha256:c9d827fbd093d5d4ef35bd9ec2994535b5f37af15860975be7e59a2d415b51c7"},
    {url = "https://files.pythonhosted.org/packages/77/1d/189d25b4367fc4d928824ebe7bfd03a20747ec55951038ed213af42764f2/pygame-2.1.3-cp310-cp310-win32.whl", hash = "sha256:1924826a32cc49c0d6b2e523f05e2ea608e1ff631ba595a910ddf37a8b38ee77"},
    {url = "https://files.pythonhosted.org/packages/7f/21/2aec0d2568ef49abd4b9a9e7559ea40c5fb5df9a3eabd94c0adff0a6073c/pygame-2.1.3-cp311-cp311-macosx_11_0_arm64.whl", hash = "sha256:217072e80f470847e121b5c5658f89be35e2c1c3ab23d4126fe80fc64fd34d27"},
    {url = "https://files.pythonhosted.org/packages/80/ca/9010783cbe3790afc0c078c3891ce5fb429f67b7ddf13ec7b7bacd44958a/pygame-2.1.3-cp311-cp311-manylinux_2_17_x86_64.manylinux2014_x86_64.whl", hash = "sha256:f04d89bdf7951e9fde68c7174b522befd9ae6e5c2a75d195435223df044aaacc"},
    {url = "https://files.pythonhosted.org/packages/81/c6/88f8a06b7d77714a5750a8d230f45fc0c2d4e15ec81e4f97d7469bd7d2ed/pygame-2.1.3-cp38-cp38-win_amd64.whl", hash = "sha256:7b06978de0400276e451cbbbba80cc9566cf5663dbb8518b7ec598078440de06"},
    {url = "https://files.pythonhosted.org/packages/81/f8/2dac5cd0ff4f2bc1a1fc2ead8733218f79e4cad8d6263573cd0f0e36e5e9/pygame-2.1.3-cp36-cp36m-manylinux_2_17_x86_64.manylinux2014_x86_64.whl", hash = "sha256:bf5b5fbb526fe76b0eb5a076b94afd29e0a91bc1ba9d6b573fad9722b7e8a5d9"},
    {url = "https://files.pythonhosted.org/packages/87/d7/02ce7be3c8b5e09fb14568ceddfad773fc2b72bd5299dc046af80a10b588/pygame-2.1.3-cp310-cp310-manylinux_2_12_i686.manylinux2010_i686.whl", hash = "sha256:d9764bb10f61a1137aa1118b832417c52e53da19971f4fa94605ea5bd4acc92b"},
    {url = "https://files.pythonhosted.org/packages/89/75/22d252e3e71f16463c29958fb7175d700f863f2dcdd440952e2403dc7076/pygame-2.1.3-cp37-cp37m-win_amd64.whl", hash = "sha256:0e8cb75c4cb8ae512e4f3d5410ea64359b049f7825a6e8a9010fdf5c539b8433"},
    {url = "https://files.pythonhosted.org/packages/8a/6f/cb9da70ff914b07a98a1be42654bdc88f18352d862259c83f639f49f8ae5/pygame-2.1.3-pp37-pypy37_pp73-manylinux_2_12_i686.manylinux2010_i686.whl", hash = "sha256:ad0835f1406a8589ebe7447801a47ff68c16b753d2b27193947e21c8adbac8c1"},
    {url = "https://files.pythonhosted.org/packages/8a/9a/c194065c43ca414483674072540ef5d71b8e4e968202f748ed64b8a1b5ac/pygame-2.1.3-cp36-cp36m-manylinux_2_5_x86_64.manylinux1_x86_64.whl", hash = "sha256:261fd434d869e1ae285b3ca90112d62c712fde53679e1bce3dfcee79e93f2b06"},
    {url = "https://files.pythonhosted.org/packages/8a/e5/6f7d5ac97e8d6c30b2e686a5ccd12e4254beff52333528277d0f0d0270fd/pygame-2.1.3-pp37-pypy37_pp73-manylinux_2_17_x86_64.manylinux2014_x86_64.whl", hash = "sha256:f26e9f1385dddffe605d8afbcba1f90f81156deadbc27327dcc844eb71e24ffa"},
    {url = "https://files.pythonhosted.org/packages/8d/78/819c3665f1f3e0ac71aeacc9f63d6ece23138cbae6ce92ea9c8d06104f60/pygame-2.1.3.tar.gz", hash = "sha256:df29c4369df9231eebffac801fa7af021279d7e9dc4c1cae698cc4077c98d069"},
    {url = "https://files.pythonhosted.org/packages/96/65/38a333e19fa24e5abaa91256382672ad066666970040d3d0c662c2ad7abf/pygame-2.1.3-cp311-cp311-macosx_10_9_x86_64.whl", hash = "sha256:cb0493d0f7fa378fccfc65548aec92edeadbde981c964337f11c884432bfaa35"},
    {url = "https://files.pythonhosted.org/packages/97/10/7e6d3d42f2f83ffa0c9e8e6cf046ce614f43b7dbd09b47f6c1cbf258b148/pygame-2.1.3-cp37-cp37m-manylinux_2_17_i686.manylinux2014_i686.whl", hash = "sha256:bc1bbb23e4f32b361956275bdde5992893981362fd37c0e62586537400bd4a4b"},
    {url = "https://files.pythonhosted.org/packages/97/ac/a766e67081d25193bc0a965dac11c8df0457f6e3021af27a9cc150f33b6d/pygame-2.1.3-cp36-cp36m-win32.whl", hash = "sha256:1e083351df89cc0f9ce003cff003d420fa0362e9fd00a793c9a68fc8cd0a2e5f"},
    {url = "https://files.pythonhosted.org/packages/97/c1/2765fd51d5a928513b102b60724a57cc87d33f4f4bf6d5b8925a301ff405/pygame-2.1.3-pp37-pypy37_pp73-macosx_10_9_x86_64.whl", hash = "sha256:595b639fab8a1acafe78050ef71668eae0a22fb5efa022b0cd2bce26a15a371d"},
    {url = "https://files.pythonhosted.org/packages/9a/71/cf1f1604b5cd9d224d415a61f4b1160efe842c5ef03fd60676775963cb27/pygame-2.1.3-cp36-cp36m-manylinux_2_5_i686.manylinux1_i686.whl", hash = "sha256:2fbbd59b95017824a9b7c3695b13f2df27a64c557c42970a6cad2e26dd5f4f31"},
    {url = "https://files.pythonhosted.org/packages/9c/90/a1529bf16119f239bc8dae85d67df4a8ccb07fd9ff8a403bbab735d542d6/pygame-2.1.3-pp36-pypy36_pp73-win32.whl", hash = "sha256:8fa2701374d3125084b2fd1f9c6d056e7e0fb8ec655e46a5fa1531b7e419fa69"},
    {url = "https://files.pythonhosted.org/packages/a6/66/bdf3fd40c7513c6a8a2e4630d18e821b2c6e57f6c15e31c02fd771a15f34/pygame-2.1.3-pp38-pypy38_pp73-manylinux_2_17_x86_64.manylinux2014_x86_64.whl", hash = "sha256:ff16c4cffa9958935d39eed73e5a707fc6e86b85f1ec06baf7172c555801730d"},
    {url = "https://files.pythonhosted.org/packages/a6/db/2463e6b95582903747d3720569feb25225735aa9124ffa5d5fd351256d25/pygame-2.1.3-cp311-cp311-manylinux_2_17_aarch64.manylinux2014_aarch64.whl", hash = "sha256:55374e1afb72c6dc546fb1d9ac972de2adf642de69ec7003e66023254512f1e5"},
    {url = "https://files.pythonhosted.org/packages/ac/7a/edd525b2ac4ba9a507a0a11c2de3ce365d22bf9054aaf6b51e30510d67d5/pygame-2.1.3-cp311-cp311-manylinux_2_17_i686.manylinux2014_i686.whl", hash = "sha256:a9f24b4aeba86e882f3640c4251b0325f86556a5f2661bd7c9e3dc1c9fe966c6"},
    {url = "https://files.pythonhosted.org/packages/b9/a5/0f27eae485277d8f32897e6701ed650993c30d39ccd71f86cfa8cd70a46c/pygame-2.1.3-pp38-pypy38_pp73-macosx_10_9_x86_64.whl", hash = "sha256:f9fe7d817ae099f1b1fd0aac7502f7472a3ba18b068efa3dc30b5d293760565a"},
    {url = "https://files.pythonhosted.org/packages/b9/ac/26230d700c03bdf79cf1047dc57e15eadd0a4ada7718afe3d7e97d3e94c5/pygame-2.1.3-cp38-cp38-macosx_10_9_x86_64.whl", hash = "sha256:a0420eb1015abb3ebba4d29c1239010eac4d82a36b94659847d18af218293aa4"},
    {url = "https://files.pythonhosted.org/packages/c6/5c/6b69b6d9d3b3bf156db2893f8d7252c239cf522ba43dbc3538e4a9356d45/pygame-2.1.3-cp37-cp37m-win32.whl", hash = "sha256:97b0ec29c9810ca1125df013656e13a89388e5ca72fdd4d900235bceaed30349"},
    {url = "https://files.pythonhosted.org/packages/c7/f3/500a5222ee49875fddff468bc69b7ab76278437f132ee6f339648c81e900/pygame-2.1.3-cp311-cp311-win32.whl", hash = "sha256:bf1024e516fd3a3948ec45f0ad3b63e69f66c342e4678b2e04a383f735272b8f"},
    {url = "https://files.pythonhosted.org/packages/c9/c7/35a9d65b8e37d4a9053d9526b886919ce51ea9be12e76cc83694f0d8c33e/pygame-2.1.3-cp37-cp37m-manylinux_2_12_i686.manylinux2010_i686.whl", hash = "sha256:4ef7f1f7d37ffddee63569b5d09f693d0704b04e7c2ff5af90bf61e4cdffe6c7"},
    {url = "https://files.pythonhosted.org/packages/cc/72/29ede865bf96b8e8fcf87b7da78fd32e8104ee7c64da5beb907b5b804bc1/pygame-2.1.3-cp39-cp39-win32.whl", hash = "sha256:df450cc4342d5664accfdd895c5ee380710eaf16942722117c01deab3373bb35"},
    {url = "https://files.pythonhosted.org/packages/d0/2a/51b2056b119b87f2c3f85c9e3402bb098806302cf3cf3c197746133255da/pygame-2.1.3-cp36-cp36m-manylinux_2_12_i686.manylinux2010_i686.whl", hash = "sha256:21a4fbc7462d3b8bd9692a6198fb031a80a85e7ac24cfcee382901b2b57db67c"},
    {url = "https://files.pythonhosted.org/packages/d4/58/691c19bcbad4dee69ec3a24010bd8178d33b6ff5671746ff3f80851609a5/pygame-2.1.3-cp39-cp39-manylinux_2_17_aarch64.manylinux2014_aarch64.whl", hash = "sha256:45cfe97fa4de560d866f53afbf3c61136bfb4114eb585ac4b6c82c278baf2c1c"},
    {url = "https://files.pythonhosted.org/packages/d5/f4/1f867e7219ca254c9e9fdd5ddef0aa131828a3728662b8b24344e14520ea/pygame-2.1.3-cp38-cp38-manylinux_2_12_x86_64.manylinux2010_x86_64.whl", hash = "sha256:1758bbf986efc9f08344c7eae733f6d04f596745f737bc4c02412b809ac65d58"},
    {url = "https://files.pythonhosted.org/packages/da/cc/569f8d7de77d9d51c6f382699fd107be1827bed24b93648c98f4c264847f/pygame-2.1.3-cp39-cp39-manylinux_2_12_x86_64.manylinux2010_x86_64.whl", hash = "sha256:5624318d189403dde7c58bdb62c340edd0faad6f18a6cf46a9f6923a66db2ba4"},
    {url = "https://files.pythonhosted.org/packages/db/30/4492c8efd177f5c4fc024c17268e0d57f068300a656398d29846f8b68e30/pygame-2.1.3-cp38-cp38-manylinux_2_17_i686.manylinux2014_i686.whl", hash = "sha256:986805fbc0827bf8b8dd8c52aa4ce2fbd4475d51fe1df326bf3e788c1b9f59fd"},
    {url = "https://files.pythonhosted.org/packages/e0/71/fbf4dee5e69f7fd2e606c7c91e448d631acece3d61b2c60b7b14a7395e90/pygame-2.1.3-cp39-cp39-win_amd64.whl", hash = "sha256:d61bbd7a071d80706fd6337abd96484398dc04b3245e8e5df4e7c99e3676086b"},
    {url = "https://files.pythonhosted.org/packages/e6/e6/0340a78009ea30083ff7e17aad8043aa74b860b3de20ba1b2b2e1f2ba661/pygame-2.1.3-pp39-pypy39_pp73-macosx_10_9_x86_64.whl", hash = "sha256:6d138b15cf378b3755e1e48ea49f0f0406067ada2c176bc6489e70bc836ab72d"},
    {url = "https://files.pythonhosted.org/packages/ea/21/6004f27414a49d313c44c447582b853c14b700e808417ea97a61628ea0ef/pygame-2.1.3-pp37-pypy37_pp73-manylinux_2_17_i686.manylinux2014_i686.whl", hash = "sha256:787c1f46905c2f6dd0310144fa7c61cb54d97990c477992601555edf01699f95"},
    {url = "https://files.pythonhosted.org/packages/f7/83/fb53fd868e910f509d6cdd6ec7b99eb99af9dbadc102b48115b71f5696fc/pygame-2.1.3-pp39-pypy39_pp73-manylinux_2_17_x86_64.manylinux2014_x86_64.whl", hash = "sha256:cd259998a71a2f7793a4e5d5fc31493f7c7d9ec73e4320895145e7dbc1c8e48d"},
]
"reportlab 3.6.12" = [
    {url = "https://files.pythonhosted.org/packages/01/b9/cfe64d83edbdc65a9938d16ec01e3792b95ecb16dc59ed1170471fe83de6/reportlab-3.6.12-cp39-cp39-win32.whl", hash = "sha256:93e229519d046491b798f2c12dbbf2f3e237e89589aa5cbb5e1d8c1a978816db"},
    {url = "https://files.pythonhosted.org/packages/18/76/a986fdd588083576043305d587232615a2017b87721c4ed3aa70dcecca50/reportlab-3.6.12-cp38-cp38-manylinux_2_17_s390x.manylinux2014_s390x.whl", hash = "sha256:cee3b6ebef5e4a8654ec5f0effeb1a2bb157ad87b0ac856871d25a805c0f2f90"},
    {url = "https://files.pythonhosted.org/packages/1c/d8/bfc8302af59e99ad648421ff109f1cefac431202e6b1177a1e921bc8fd63/reportlab-3.6.12-cp37-cp37m-manylinux_2_17_s390x.manylinux2014_s390x.whl", hash = "sha256:c40e108072379ff83dd7442159ebc249d12eb8eec15b70614953fecd2c403792"},
    {url = "https://files.pythonhosted.org/packages/20/21/1d722209384fb3a1eac3cee4f4d5107fc3a5fec96b3be3f58240b51151e5/reportlab-3.6.12-cp311-cp311-macosx_11_0_arm64.whl", hash = "sha256:69f41295d696c822224334f0994f1f107df7efed72211d45a1118696f1427c84"},
    {url = "https://files.pythonhosted.org/packages/26/53/b52108ff86fe93a6d9d3a9ac671760eea6d390c2ec6e238e9e1341da912f/reportlab-3.6.12-cp310-cp310-win32.whl", hash = "sha256:090ea99ff829d918f7b6140594373b1340a34e1e6876eddae5aa06662ec10d64"},
    {url = "https://files.pythonhosted.org/packages/2a/ab/9e67c6f8f0b6567b2d8f5e547ca49986c96058c43029c4082e0edd0f447e/reportlab-3.6.12-cp37-cp37m-manylinux_2_17_x86_64.manylinux2014_x86_64.whl", hash = "sha256:39e92fa4ab2a8f0f2cc051d9c1e3acb881340c07ef59c0c8b627861343d653c0"},
    {url = "https://files.pythonhosted.org/packages/31/1e/bda7a37ccc311917d9bc306fa165a723efe0b117171eab82c57643fd43ca/reportlab-3.6.12-cp39-cp39-manylinux_2_17_aarch64.manylinux2014_aarch64.whl", hash = "sha256:1dd0307b2b13b0482ac8314fd793fbbce263a428b189371addf0466784e1d597"},
    {url = "https://files.pythonhosted.org/packages/34/c3/9e185a12545c980dec7b4a65842a62a1992aab2be6674ba7c91d2d1a9d0f/reportlab-3.6.12-cp310-cp310-manylinux_2_17_x86_64.manylinux2014_x86_64.whl", hash = "sha256:ce85a204f46c871c8af6fa64b9bbed165456935c1d0bfb2f570a3194f6723ddb"},
    {url = "https://files.pythonhosted.org/packages/38/66/09ca9021c35caa37b6cc008f091a0891482f5822ad56937d41aaf3494d70/reportlab-3.6.12-cp39-cp39-manylinux_2_17_s390x.manylinux2014_s390x.whl", hash = "sha256:b3648f3c340b6b6aabf9352341478c708cee6f00c5cd5c902311fcf4ce870f3c"},
    {url = "https://files.pythonhosted.org/packages/3b/1e/768f8cfa27bf30697743a140187c4f2c31f89a4c6d85607104ab484d9f7f/reportlab-3.6.12-cp37-cp37m-macosx_10_9_x86_64.whl", hash = "sha256:7a7c3369fa618eca79f9554ce06c618a5e738e592d61d96aa09b2457ca3ea410"},
    {url = "https://files.pythonhosted.org/packages/3f/f4/945064722ae0fce388655abc2d2b7170f10ed46c7ab334591cf398fc04d6/reportlab-3.6.12-cp311-cp311-manylinux_2_17_x86_64.manylinux2014_x86_64.whl", hash = "sha256:a12049314497d872f6788f811e2b331654db207937f8a2fb34ff3e3cd9897faa"},
    {url = "https://files.pythonhosted.org/packages/46/b1/985ab842c3c557e7c394193fdee30a609fd438dfc4dcad487b8228dd9112/reportlab-3.6.12-cp311-cp311-win32.whl", hash = "sha256:759495c2b8c15cb0d6b539c246896029e4cde42a896c3956f77e311c5f6b0807"},
    {url = "https://files.pythonhosted.org/packages/48/5d/99f131b74cedd22ef985276d144db5726f8b02c418cd56a2d2a6c72e9202/reportlab-3.6.12-cp39-cp39-manylinux_2_17_ppc64le.manylinux2014_ppc64le.whl", hash = "sha256:109009b02fc225882ea766a5ed8be0ef473fa1356e252a3f651a6aa89b4a195f"},
    {url = "https://files.pythonhosted.org/packages/55/0a/982d85722da33f2e55553c87dc04ce4365f2b03c06e9fd6209b83611c629/reportlab-3.6.12-cp38-cp38-manylinux_2_17_aarch64.manylinux2014_aarch64.whl", hash = "sha256:bb83df8f7840321d34cb5b24c972c617a8c1716c8a36e5050fff56adf5891b8c"},
    {url = "https://files.pythonhosted.org/packages/5c/b4/1d9b3120ccb407703e3f2f3dee422e3b04b0f1b7a887c676e0a727bad515/reportlab-3.6.12-cp311-cp311-manylinux_2_17_ppc64le.manylinux2014_ppc64le.whl", hash = "sha256:c4863c49602722237e35cbce5aa91af4539cc63a671f59504d2b3f3767d898cf"},
    {url = "https://files.pythonhosted.org/packages/61/73/e1feaa086e2d9884efaf364e0babcc2fd4270567a4a3b9bbad080916eff8/reportlab-3.6.12-cp310-cp310-macosx_11_0_arm64.whl", hash = "sha256:2a0bc7a1d64fe754b62e175ba0cf47a630b529c0488ec9ac4e4c7655e295ea4d"},
    {url = "https://files.pythonhosted.org/packages/65/b9/fd544f6ba72c8a4cd12d95737b3604c4b021ceb340055e3f267ad48c3795/reportlab-3.6.12-cp38-cp38-win32.whl", hash = "sha256:b777ddc57b2d3366cbc540616034cdc1089ca0a31fefc907028e1dd62a6bf16c"},
    {url = "https://files.pythonhosted.org/packages/68/a7/4adb85071fa3dba123c1cc41361cc2a5ea9b8bcdd651370bdf74a4e32089/reportlab-3.6.12-cp311-cp311-macosx_10_9_x86_64.whl", hash = "sha256:236a6483210049205f6180d7a7595d0ca2e4ce343d83cc94ca719a4145809c6f"},
    {url = "https://files.pythonhosted.org/packages/72/2b/ddddf64236e286636586c00cda15cb9df6fbf2e2fbd7c635f656a4a8868e/reportlab-3.6.12-cp38-cp38-manylinux_2_17_ppc64le.manylinux2014_ppc64le.whl", hash = "sha256:71cf73f9907c444ef663ea653dbac24af07c307079572c3ff8f20ad1463af3b7"},
    {url = "https://files.pythonhosted.org/packages/80/52/f0b75d387374b132bf27d6786f2464bb35a9e3cdc64082f942733d3ecb3c/reportlab-3.6.12-cp311-cp311-manylinux_2_17_s390x.manylinux2014_s390x.whl", hash = "sha256:8b1215facead57cc5325aef4229ef886e85d270b2ba02080fb5809ce9d2b81b4"},
    {url = "https://files.pythonhosted.org/packages/8a/d0/b88932ae0a508fbdf9a3e73907e0f9c0a1e6acb71546a3ae423e237baeec/reportlab-3.6.12-cp38-cp38-win_amd64.whl", hash = "sha256:c07ec796a2a5d44bf787f2b623b6e668a389b0cafb78af34cf74554ff3bc532b"},
    {url = "https://files.pythonhosted.org/packages/98/02/5fb3b081888270ac6863803492f624b0e32814e2227d6494d24199df1443/reportlab-3.6.12-cp311-cp311-manylinux_2_17_i686.manylinux2014_i686.whl", hash = "sha256:a8dddc52e0e486291be0ad39184da0607fae9cc665fdba1881211de9cfc0b332"},
    {url = "https://files.pythonhosted.org/packages/9d/b1/87e0d934496662780fd8851a08c75a037eba976def1d33f9e6315c453d8d/reportlab-3.6.12-cp39-cp39-macosx_11_0_arm64.whl", hash = "sha256:3a62e51a4a47616896bd0f1e9cc3fbfb174b713794a5031a34b84f69dbe01775"},
    {url = "https://files.pythonhosted.org/packages/a3/dc/fabc7ff60802a00ad6f468fa3b8f9ccf78dbfbf0da8cfd09b2841880ec55/reportlab-3.6.12-cp310-cp310-win_amd64.whl", hash = "sha256:4c599645af9b5b2241a23e977a82c965a59c24cd94b2600b8d34373c66cad763"},
    {url = "https://files.pythonhosted.org/packages/a5/60/830efc11c1e4f971b83dca6e744797dcf7bb64269f855e765f09644306e1/reportlab-3.6.12-cp38-cp38-manylinux_2_17_x86_64.manylinux2014_x86_64.whl", hash = "sha256:db62bed0774778fdf82c609cb9efd0062f2fdcd285be527d01f6be9fd9755888"},
    {url = "https://files.pythonhosted.org/packages/ac/c7/739a0865b6282b45420e1ac4f802158adf2e6c77a82822072a161b2d7153/reportlab-3.6.12-cp311-cp311-manylinux_2_17_aarch64.manylinux2014_aarch64.whl", hash = "sha256:f51dcb39e910a853749250c0f82aced80bca3f7315e9c4ee14349eb7cab6a3f8"},
    {url = "https://files.pythonhosted.org/packages/b3/aa/d4b697ba7a598625a88f02eff4676ec8aeb67c5cb9463637ffc1cd9fd9e3/reportlab-3.6.12-cp39-cp39-macosx_10_9_x86_64.whl", hash = "sha256:cdd206883e999278d2af656f988dfcc89eb0c175ce6d75e87b713cf1e792c0c4"},
    {url = "https://files.pythonhosted.org/packages/b5/5a/f86f16b83135a10b661c8e1d769e65e559006d5c549259acf431d248a63e/reportlab-3.6.12-cp39-cp39-manylinux_2_17_i686.manylinux2014_i686.whl", hash = "sha256:c56d701f7dc662e1d3d7fe364e66fa1339eafce54a488c2d16ec0ea49dc213c2"},
    {url = "https://files.pythonhosted.org/packages/b7/db/774e9b9ca0b495ce01ad11613d376ae9fdb031b043adb715b85b636bd4bf/reportlab-3.6.12-cp37-cp37m-manylinux_2_17_ppc64le.manylinux2014_ppc64le.whl", hash = "sha256:55a070206580e161b6bbe1a96abf816c18d4c2c225d49916654714c93d842835"},
    {url = "https://files.pythonhosted.org/packages/b8/ac/10d68a650b321bd8c4d8cbefd9994e7727d57b381c9bdb0a013273011e62/reportlab-3.6.12.tar.gz", hash = "sha256:b13cebf4e397bba14542bcd023338b6ff2c151a3a12aabca89eecbf972cb361a"},
    {url = "https://files.pythonhosted.org/packages/ba/81/47e4f7b6a5ee0f98e3a06cf73fe63de43afbaeb5c85def5f282629e4a125/reportlab-3.6.12-cp39-cp39-manylinux_2_17_x86_64.manylinux2014_x86_64.whl", hash = "sha256:907f7cd4832bb295d0c1573de15cc5aab5988282caf2ee7a2b1276fb6cdf502b"},
    {url = "https://files.pythonhosted.org/packages/be/51/600354f9e4c9868fe4dce7d10fb592d696ab43c86d5ac5027df31332df57/reportlab-3.6.12-cp310-cp310-manylinux_2_17_ppc64le.manylinux2014_ppc64le.whl", hash = "sha256:4fa3cdf490f3828b055381e8c7dc7819b3e5f7a442d7af7a8f90e9806a7fff51"},
    {url = "https://files.pythonhosted.org/packages/c3/ae/5b52517fa51b0acc78937e9b11d6695d1cf3e094fa52eacb8bdd1b50b384/reportlab-3.6.12-cp37-cp37m-manylinux_2_17_aarch64.manylinux2014_aarch64.whl", hash = "sha256:2c9b0861d8f40d7a24b094b8834f6a489b9e8c70bceaa7fa98237eed229671ce"},
    {url = "https://files.pythonhosted.org/packages/c8/89/9888974d689dca7c451adc40d2fb20a439c7793e3dcb285524d62027e186/reportlab-3.6.12-cp37-cp37m-win32.whl", hash = "sha256:3fd1ffdd5204301eb4c290a5752ac62f44d2d0b262e02e35a1e5234c13e14662"},
    {url = "https://files.pythonhosted.org/packages/d0/04/4c439526e7c39c5cfa1b184e1256c381edacacba6275a8bfcae71e22032d/reportlab-3.6.12-cp310-cp310-manylinux_2_17_s390x.manylinux2014_s390x.whl", hash = "sha256:07fdd968df7941c2bfb67b9bb4532f424992dfafc71b72a4e4b291ff707e6b0e"},
    {url = "https://files.pythonhosted.org/packages/d5/78/67870359a26191774bc8a0243377ddae5330674a8b27a1ef5b2449107190/reportlab-3.6.12-cp37-cp37m-win_amd64.whl", hash = "sha256:d4cecfb48a6cfbfe2caf0fc280cecea999699e63bc98cb02254bd87b39eff677"},
    {url = "https://files.pythonhosted.org/packages/d6/69/4cc22c2232c0931ecbac3b5db0d75c9869dfa4e27cf17ba0728d06444f78/reportlab-3.6.12-cp37-cp37m-manylinux_2_17_i686.manylinux2014_i686.whl", hash = "sha256:26c25ea4afa8b92a2c14f4edc41c8fc30505745ce84cae86538e80cacadd7ae2"},
    {url = "https://files.pythonhosted.org/packages/d7/d2/ab55ac7918e8bdbb2977a1d114fa77aff5f0c72b1dcb9d4409f56f740ec0/reportlab-3.6.12-cp38-cp38-macosx_10_9_x86_64.whl", hash = "sha256:b6a1b685da0b9a8000bb980e02d9d5be202d0cc539af113b661c76c051fca6f1"},
    {url = "https://files.pythonhosted.org/packages/db/b2/58918b7d2cf3cd699ba5c8b31f36864faba4a20899801a972d63c203a7a4/reportlab-3.6.12-cp38-cp38-manylinux_2_17_i686.manylinux2014_i686.whl", hash = "sha256:72ec333f089b4fce5a6d740ed0a1963a3994146be195722da0d8e14d4a7e1600"},
    {url = "https://files.pythonhosted.org/packages/dc/14/daf01db58f8b44fb3c079fd1d7a2bd40168b929429b7603bebacdc8e63b9/reportlab-3.6.12-cp310-cp310-manylinux_2_17_i686.manylinux2014_i686.whl", hash = "sha256:c84afd5bef6e407c80ba9f99b6abbe3ea78e8243b0f19897a871a7bcad1f749d"},
    {url = "https://files.pythonhosted.org/packages/e1/51/1a031303802347f3176c9d98ed9cee98daa255add0d4cc578b5b57620047/reportlab-3.6.12-cp38-cp38-macosx_11_0_arm64.whl", hash = "sha256:f5808e1dac6b66c109d6205ce2aebf84bb89e1a1493b7e6df38932df5ebfb9cf"},
    {url = "https://files.pythonhosted.org/packages/e1/af/e5ab55ffa298489eb8ef054e22e9227f8edf8149322de26981e3f46c8c0c/reportlab-3.6.12-cp39-cp39-win_amd64.whl", hash = "sha256:498b4ec7e73426de64c6bf6ec03c5b3f10dedf5db8a9e13fdf195f95a3d065aa"},
    {url = "https://files.pythonhosted.org/packages/f3/b3/a1816a50c4264b615362c26b3211336c389b65d84360b246fe4f2a738f74/reportlab-3.6.12-cp310-cp310-macosx_10_9_x86_64.whl", hash = "sha256:6dfcf7bd6db5d80711cbbd0996b6e7a79cc414ca81457960367df11d2860f92a"},
    {url = "https://files.pythonhosted.org/packages/fa/0d/856234c4e6262143ded1b3bb9cb580c2bd8637d4f17f6afc215ab2e649da/reportlab-3.6.12-cp311-cp311-win_amd64.whl", hash = "sha256:666bdba4958b348460a765c48b8c0640e7085540846ed9494f47d8651604b33c"},
    {url = "https://files.pythonhosted.org/packages/fc/7b/0c178e65185803660f2cd4f9200532e9bc95ceefe4c621a16c8f338fdc98/reportlab-3.6.12-cp310-cp310-manylinux_2_17_aarch64.manylinux2014_aarch64.whl", hash = "sha256:adf78ccb2defad5b6ecb2e2e9f2a672719b0a8e2278592a7d77f6c220a042388"},
]
